
Microsoft Visual Studio Solution File, Format Version 12.00
# Visual Studio Version 17
VisualStudioVersion = 17.3.32825.248
MinimumVisualStudioVersion = 10.0.40219.1
Project("{2150E333-8FDC-42A3-9474-1A3956D46DE8}") = "src", "src", "{076A1309-301B-4B04-A201-13EFE55661F5}"
EndProject
Project("{2150E333-8FDC-42A3-9474-1A3956D46DE8}") = "corePackages", "corePackages", "{B3A19762-FDB5-42CD-BF1E-49C96937B8C5}"
EndProject
Project("{2150E333-8FDC-42A3-9474-1A3956D46DE8}") = "projects", "projects", "{1CD232F0-1CCC-458F-8B17-E8E6C70586C2}"
EndProject
Project("{9A19103F-16F7-4668-BE54-9A1E7A4F7556}") = "Core.Application", "src\corePackages\Core.Application\Core.Application.csproj", "{6122F92D-FC37-420F-A19A-7FA043B2CB31}"
EndProject
Project("{9A19103F-16F7-4668-BE54-9A1E7A4F7556}") = "Core.Mailing", "src\corePackages\Core.Mailing\Core.Mailing.csproj", "{3EE87B68-18D6-4F86-AE94-BA39DC403571}"
EndProject
Project("{9A19103F-16F7-4668-BE54-9A1E7A4F7556}") = "Core.ElasticSearch", "src\corePackages\Core.ElasticSearch\Core.ElasticSearch.csproj", "{80EAF006-EFE0-481E-BF99-632985424EF6}"
EndProject
Project("{9A19103F-16F7-4668-BE54-9A1E7A4F7556}") = "Core.Persistence", "src\corePackages\Core.Persistance\Core.Persistence.csproj", "{434DF425-1BBA-4A4A-893D-1BE298AF126A}"
EndProject
Project("{9A19103F-16F7-4668-BE54-9A1E7A4F7556}") = "Core.Security", "src\corePackages\Core.Security\Core.Security.csproj", "{1B1F1778-1983-40F1-9DF0-A0A6EB898906}"
EndProject
Project("{9A19103F-16F7-4668-BE54-9A1E7A4F7556}") = "Core.CrossCuttingConcerns", "src\corePackages\Core.CrossCuttingConcerns\Core.CrossCuttingConcerns.csproj", "{6B4CBBD4-957B-4997-BB10-76CF18FFE5D4}"
EndProject
Project("{2150E333-8FDC-42A3-9474-1A3956D46DE8}") = "Kodlama.io.Devs", "Kodlama.io.Devs", "{2C8C951A-BA86-403B-BE27-4D8A656D056A}"
EndProject
Project("{9A19103F-16F7-4668-BE54-9A1E7A4F7556}") = "Kodlama.io.Devs.Application", "src\projects\Kodlama.io.Devs\Kodlama.io.Devs.Application\Kodlama.io.Devs.Application.csproj", "{9CF2DFA8-AE62-491C-9255-7020D24553F6}"
EndProject
Project("{9A19103F-16F7-4668-BE54-9A1E7A4F7556}") = "Kodlama.io.Devs.Domain", "src\projects\Kodlama.io.Devs\Kodlama.io.Devs.Domain\Kodlama.io.Devs.Domain.csproj", "{B8D56013-64F5-456D-BF0D-743D662BCEEF}"
EndProject
Project("{9A19103F-16F7-4668-BE54-9A1E7A4F7556}") = "Kodlama.io.Devs.Infrastructure", "src\projects\Kodlama.io.Devs\Kodlama.io.Devs.Infrastructure\Kodlama.io.Devs.Infrastructure.csproj", "{F5698FD7-5CE5-483D-A0AB-870D1E40BB77}"
EndProject
Project("{9A19103F-16F7-4668-BE54-9A1E7A4F7556}") = "Kodlama.io.Devs.Persistence", "src\projects\Kodlama.io.Devs\Kodlama.io.Devs.Persistence\Kodlama.io.Devs.Persistence.csproj", "{12719788-892A-4D97-A597-A496664AEF32}"
EndProject
Project("{9A19103F-16F7-4668-BE54-9A1E7A4F7556}") = "Kodlama.io.Devs.WebAPI", "src\projects\Kodlama.io.Devs\Kodlama.io.Devs.WebAPI\Kodlama.io.Devs.WebAPI.csproj", "{CE7AB4E5-07E9-42FA-9DB1-91EC06E14813}"
EndProject
Global
	GlobalSection(SolutionConfigurationPlatforms) = preSolution
		Debug|Any CPU = Debug|Any CPU
		Release|Any CPU = Release|Any CPU
	EndGlobalSection
	GlobalSection(ProjectConfigurationPlatforms) = postSolution
		{6122F92D-FC37-420F-A19A-7FA043B2CB31}.Debug|Any CPU.ActiveCfg = Debug|Any CPU
		{6122F92D-FC37-420F-A19A-7FA043B2CB31}.Debug|Any CPU.Build.0 = Debug|Any CPU
		{6122F92D-FC37-420F-A19A-7FA043B2CB31}.Release|Any CPU.ActiveCfg = Release|Any CPU
		{6122F92D-FC37-420F-A19A-7FA043B2CB31}.Release|Any CPU.Build.0 = Release|Any CPU
		{3EE87B68-18D6-4F86-AE94-BA39DC403571}.Debug|Any CPU.ActiveCfg = Debug|Any CPU
		{3EE87B68-18D6-4F86-AE94-BA39DC403571}.Debug|Any CPU.Build.0 = Debug|Any CPU
		{3EE87B68-18D6-4F86-AE94-BA39DC403571}.Release|Any CPU.ActiveCfg = Release|Any CPU
		{3EE87B68-18D6-4F86-AE94-BA39DC403571}.Release|Any CPU.Build.0 = Release|Any CPU
		{80EAF006-EFE0-481E-BF99-632985424EF6}.Debug|Any CPU.ActiveCfg = Debug|Any CPU
		{80EAF006-EFE0-481E-BF99-632985424EF6}.Debug|Any CPU.Build.0 = Debug|Any CPU
		{80EAF006-EFE0-481E-BF99-632985424EF6}.Release|Any CPU.ActiveCfg = Release|Any CPU
		{80EAF006-EFE0-481E-BF99-632985424EF6}.Release|Any CPU.Build.0 = Release|Any CPU
		{434DF425-1BBA-4A4A-893D-1BE298AF126A}.Debug|Any CPU.ActiveCfg = Debug|Any CPU
		{434DF425-1BBA-4A4A-893D-1BE298AF126A}.Debug|Any CPU.Build.0 = Debug|Any CPU
		{434DF425-1BBA-4A4A-893D-1BE298AF126A}.Release|Any CPU.ActiveCfg = Release|Any CPU
		{434DF425-1BBA-4A4A-893D-1BE298AF126A}.Release|Any CPU.Build.0 = Release|Any CPU
		{1B1F1778-1983-40F1-9DF0-A0A6EB898906}.Debug|Any CPU.ActiveCfg = Debug|Any CPU
		{1B1F1778-1983-40F1-9DF0-A0A6EB898906}.Debug|Any CPU.Build.0 = Debug|Any CPU
		{1B1F1778-1983-40F1-9DF0-A0A6EB898906}.Release|Any CPU.ActiveCfg = Release|Any CPU
		{1B1F1778-1983-40F1-9DF0-A0A6EB898906}.Release|Any CPU.Build.0 = Release|Any CPU
		{6B4CBBD4-957B-4997-BB10-76CF18FFE5D4}.Debug|Any CPU.ActiveCfg = Debug|Any CPU
		{6B4CBBD4-957B-4997-BB10-76CF18FFE5D4}.Debug|Any CPU.Build.0 = Debug|Any CPU
		{6B4CBBD4-957B-4997-BB10-76CF18FFE5D4}.Release|Any CPU.ActiveCfg = Release|Any CPU
		{6B4CBBD4-957B-4997-BB10-76CF18FFE5D4}.Release|Any CPU.Build.0 = Release|Any CPU
		{9CF2DFA8-AE62-491C-9255-7020D24553F6}.Debug|Any CPU.ActiveCfg = Debug|Any CPU
		{9CF2DFA8-AE62-491C-9255-7020D24553F6}.Debug|Any CPU.Build.0 = Debug|Any CPU
		{9CF2DFA8-AE62-491C-9255-7020D24553F6}.Release|Any CPU.ActiveCfg = Release|Any CPU
		{9CF2DFA8-AE62-491C-9255-7020D24553F6}.Release|Any CPU.Build.0 = Release|Any CPU
		{B8D56013-64F5-456D-BF0D-743D662BCEEF}.Debug|Any CPU.ActiveCfg = Debug|Any CPU
		{B8D56013-64F5-456D-BF0D-743D662BCEEF}.Debug|Any CPU.Build.0 = Debug|Any CPU
		{B8D56013-64F5-456D-BF0D-743D662BCEEF}.Release|Any CPU.ActiveCfg = Release|Any CPU
		{B8D56013-64F5-456D-BF0D-743D662BCEEF}.Release|Any CPU.Build.0 = Release|Any CPU
		{F5698FD7-5CE5-483D-A0AB-870D1E40BB77}.Debug|Any CPU.ActiveCfg = Debug|Any CPU
		{F5698FD7-5CE5-483D-A0AB-870D1E40BB77}.Debug|Any CPU.Build.0 = Debug|Any CPU
		{F5698FD7-5CE5-483D-A0AB-870D1E40BB77}.Release|Any CPU.ActiveCfg = Release|Any CPU
		{F5698FD7-5CE5-483D-A0AB-870D1E40BB77}.Release|Any CPU.Build.0 = Release|Any CPU
		{12719788-892A-4D97-A597-A496664AEF32}.Debug|Any CPU.ActiveCfg = Debug|Any CPU
		{12719788-892A-4D97-A597-A496664AEF32}.Debug|Any CPU.Build.0 = Debug|Any CPU
		{12719788-892A-4D97-A597-A496664AEF32}.Release|Any CPU.ActiveCfg = Release|Any CPU
		{12719788-892A-4D97-A597-A496664AEF32}.Release|Any CPU.Build.0 = Release|Any CPU
		{CE7AB4E5-07E9-42FA-9DB1-91EC06E14813}.Debug|Any CPU.ActiveCfg = Debug|Any CPU
		{CE7AB4E5-07E9-42FA-9DB1-91EC06E14813}.Debug|Any CPU.Build.0 = Debug|Any CPU
		{CE7AB4E5-07E9-42FA-9DB1-91EC06E14813}.Release|Any CPU.ActiveCfg = Release|Any CPU
		{CE7AB4E5-07E9-42FA-9DB1-91EC06E14813}.Release|Any CPU.Build.0 = Release|Any CPU
	EndGlobalSection
	GlobalSection(SolutionProperties) = preSolution
		HideSolutionNode = FALSE
	EndGlobalSection
	GlobalSection(NestedProjects) = preSolution
		{B3A19762-FDB5-42CD-BF1E-49C96937B8C5} = {076A1309-301B-4B04-A201-13EFE55661F5}
		{1CD232F0-1CCC-458F-8B17-E8E6C70586C2} = {076A1309-301B-4B04-A201-13EFE55661F5}
		{6122F92D-FC37-420F-A19A-7FA043B2CB31} = {B3A19762-FDB5-42CD-BF1E-49C96937B8C5}
		{3EE87B68-18D6-4F86-AE94-BA39DC403571} = {B3A19762-FDB5-42CD-BF1E-49C96937B8C5}
		{80EAF006-EFE0-481E-BF99-632985424EF6} = {B3A19762-FDB5-42CD-BF1E-49C96937B8C5}
		{434DF425-1BBA-4A4A-893D-1BE298AF126A} = {B3A19762-FDB5-42CD-BF1E-49C96937B8C5}
		{1B1F1778-1983-40F1-9DF0-A0A6EB898906} = {B3A19762-FDB5-42CD-BF1E-49C96937B8C5}
		{6B4CBBD4-957B-4997-BB10-76CF18FFE5D4} = {B3A19762-FDB5-42CD-BF1E-49C96937B8C5}
		{2C8C951A-BA86-403B-BE27-4D8A656D056A} = {1CD232F0-1CCC-458F-8B17-E8E6C70586C2}
		{9CF2DFA8-AE62-491C-9255-7020D24553F6} = {2C8C951A-BA86-403B-BE27-4D8A656D056A}
		{B8D56013-64F5-456D-BF0D-743D662BCEEF} = {2C8C951A-BA86-403B-BE27-4D8A656D056A}
		{F5698FD7-5CE5-483D-A0AB-870D1E40BB77} = {2C8C951A-BA86-403B-BE27-4D8A656D056A}
		{12719788-892A-4D97-A597-A496664AEF32} = {2C8C951A-BA86-403B-BE27-4D8A656D056A}
		{CE7AB4E5-07E9-42FA-9DB1-91EC06E14813} = {2C8C951A-BA86-403B-BE27-4D8A656D056A}
	EndGlobalSection
	GlobalSection(ExtensibilityGlobals) = postSolution
		SolutionGuid = {A270C082-6115-4543-9675-CFAE92FFA80A}
	EndGlobalSection
EndGlobal
